<?xml version="1.0" encoding="utf-8"?>
<Project ToolsVersion="17.0" xmlns="http://schemas.microsoft.com/developer/msbuild/2003">
  <ItemGroup>
    <ClCompile Include="G:\Dropbox\Dropbox\box_inside\git_branch\cpps\STFT_SYCL\STFT_SYCL\STFT_SYCL\src\STFT.cpp">
      <Filter>Source Files</Filter>
    </ClCompile>
    <ClCompile Include="G:\Dropbox\Dropbox\box_inside\git_branch\cpps\STFT_SYCL\STFT_SYCL\STFT_SYCL\GPGPU_frame\src\cl_FACADE.cpp">
      <Filter>Source Files</Filter>
    </ClCompile>
    <ClCompile Include="G:\Dropbox\Dropbox\box_inside\git_branch\cpps\STFT_SYCL\STFT_SYCL\STFT_SYCL\GPGPU_frame\src\cl_global_custom.cpp">
      <Filter>Source Files</Filter>
    </ClCompile>
  </ItemGroup>
  <ItemGroup>
    <CustomBuild Include="G:\Dropbox\Dropbox\box_inside\git_branch\cpps\STFT_SYCL\STFT_SYCL\CMakelists.txt" />
  </ItemGroup>
  <ItemGroup>
    <Filter Include="Source Files">
      <UniqueIdentifier>{E51AD9FA-2984-3736-A297-63F85A78E92A}</UniqueIdentifier>
    </Filter>
  </ItemGroup>
</Project>
